symfony b66b6fc99e76cad4c54aa5267162a7818faef2b7
twig 0bee0375791259a515878a6935b3f8d3d50b87d9
monolog b704c49a3051536f67f2d39f13568f74615b9922
doctrine-common 84838bb8c9896cea6210050a2e1264ee9592ca1b
doctrine-dbal 32f5d4e1bbea493d8c5828f9d951e25420182e16
doctrine d679154fba1e203e898eb35894b40c700d7aceea
swiftmailer daaff2b8515390fbb10882647311f476b89a67e6
assetic f829ad23d23c87480151a21faad49fefe7c09e5d
twig-extensions feb6d3f10c411e2631997c0a905aa581c80305c1
metadata 8717ad2a5689480765d9ffafe925cd8a2457e582
SensioFrameworkExtraBundle 1eda94d838aa885e154f92f426df35f2252cdb92
JMSSecurityExtraBundle e752f888c51425f71382c056961f10f2be642102
SensioDistributionBundle 41a6c5caed65f02bb09c95a90579f047616471fd
SensioGeneratorBundle 0813379920dcaa4b06361501f654379383d75f16
AsseticBundle 41b5913b5086a0909af92adcb4a6005ee0051b16
FOSUserBundle b3dc5faf0017a621537dd5ec44047be5ad5bb82e
doctrine-migrations fe98141b1e460baf5ab52f9139e1ae238101b28b
DoctrineMigrationsBundle fd6c13e2a918b887dd880479a2dd6dcd3293c611
DoctrineExtensions d38b081dbf826960bd9aad9d7dabed5164d3e7d3